
Microsoft Visual Studio Solution File, Format Version 12.00
# Visual Studio Version 17
VisualStudioVersion = 17.11.35312.102
MinimumVisualStudioVersion = 10.0.40219.1
Project("{FAE04EC0-301F-11D3-BF4B-00C04F79EFBC}") = "husnaintutorial", "husnaintutorial\husnaintutorial.csproj", "{98AC15EF-7CAD-4ECE-930F-7D82FCE30F3B}"
EndProject
Project("{FAE04EC0-301F-11D3-BF4B-00C04F79EFBC}") = "husnaintutorial.core", "husnaintutorial.core\husnaintutorial.core.csproj", "{D2270C36-CEB8-4A60-A54A-B3BF8C41201D}"
EndProject
Project("{FAE04EC0-301F-11D3-BF4B-00C04F79EFBC}") = "husnaintutorial.Repository", "husnaintutorial.Repository\husnaintutorial.Repository.csproj", "{6DBB1D5D-824A-4B3F-B13B-BF8A10B6DFB2}"
EndProject
Project("{FAE04EC0-301F-11D3-BF4B-00C04F79EFBC}") = "husnaintutorial.Services", "husnaintutorial.Services\husnaintutorial.Services.csproj", "{C5295882-229F-412E-95A9-E8199FA919B9}"
EndProject
Global
	GlobalSection(SolutionConfigurationPlatforms) = preSolution
		Debug|Any CPU = Debug|Any CPU
		Release|Any CPU = Release|Any CPU
	EndGlobalSection
	GlobalSection(ProjectConfigurationPlatforms) = postSolution
		{98AC15EF-7CAD-4ECE-930F-7D82FCE30F3B}.Debug|Any CPU.ActiveCfg = Debug|Any CPU
		{98AC15EF-7CAD-4ECE-930F-7D82FCE30F3B}.Debug|Any CPU.Build.0 = Debug|Any CPU
		{98AC15EF-7CAD-4ECE-930F-7D82FCE30F3B}.Release|Any CPU.ActiveCfg = Release|Any CPU
		{98AC15EF-7CAD-4ECE-930F-7D82FCE30F3B}.Release|Any CPU.Build.0 = Release|Any CPU
		{D2270C36-CEB8-4A60-A54A-B3BF8C41201D}.Debug|Any CPU.ActiveCfg = Debug|Any CPU
		{D2270C36-CEB8-4A60-A54A-B3BF8C41201D}.Debug|Any CPU.Build.0 = Debug|Any CPU
		{D2270C36-CEB8-4A60-A54A-B3BF8C41201D}.Release|Any CPU.ActiveCfg = Release|Any CPU
		{D2270C36-CEB8-4A60-A54A-B3BF8C41201D}.Release|Any CPU.Build.0 = Release|Any CPU
		{6DBB1D5D-824A-4B3F-B13B-BF8A10B6DFB2}.Debug|Any CPU.ActiveCfg = Debug|Any CPU
		{6DBB1D5D-824A-4B3F-B13B-BF8A10B6DFB2}.Debug|Any CPU.Build.0 = Debug|Any CPU
		{6DBB1D5D-824A-4B3F-B13B-BF8A10B6DFB2}.Release|Any CPU.ActiveCfg = Release|Any CPU
		{6DBB1D5D-824A-4B3F-B13B-BF8A10B6DFB2}.Release|Any CPU.Build.0 = Release|Any CPU
		{C5295882-229F-412E-95A9-E8199FA919B9}.Debug|Any CPU.ActiveCfg = Debug|Any CPU
		{C5295882-229F-412E-95A9-E8199FA919B9}.Debug|Any CPU.Build.0 = Debug|Any CPU
		{C5295882-229F-412E-95A9-E8199FA919B9}.Release|Any CPU.ActiveCfg = Release|Any CPU
		{C5295882-229F-412E-95A9-E8199FA919B9}.Release|Any CPU.Build.0 = Release|Any CPU
	EndGlobalSection
	GlobalSection(SolutionProperties) = preSolution
		HideSolutionNode = FALSE
	EndGlobalSection
	GlobalSection(ExtensibilityGlobals) = postSolution
		SolutionGuid = {319AF7B0-B2BD-4EC9-8999-19C57BC7D2AA}
	EndGlobalSection
EndGlobal
